
Microsoft Visual Studio Solution File, Format Version 12.00
# Visual Studio Version 16
VisualStudioVersion = 16.0.29911.84
MinimumVisualStudioVersion = 10.0.40219.1
Project("{FAE04EC0-301F-11D3-BF4B-00C04F79EFBC}") = "ToKhaiYTe", "ToKhaiYTe\ToKhaiYTe.csproj", "{54A134EF-2ED4-443F-A436-ED45D06CBCD3}"
EndProject
Global
	GlobalSection(SolutionConfigurationPlatforms) = preSolution
		Debug|Any CPU = Debug|Any CPU
		Release|Any CPU = Release|Any CPU
	EndGlobalSection
	GlobalSection(ProjectConfigurationPlatforms) = postSolution
		{54A134EF-2ED4-443F-A436-ED45D06CBCD3}.Debug|Any CPU.ActiveCfg = Debug|Any CPU
		{54A134EF-2ED4-443F-A436-ED45D06CBCD3}.Debug|Any CPU.Build.0 = Debug|Any CPU
		{54A134EF-2ED4-443F-A436-ED45D06CBCD3}.Release|Any CPU.ActiveCfg = Release|Any CPU
		{54A134EF-2ED4-443F-A436-ED45D06CBCD3}.Release|Any CPU.Build.0 = Release|Any CPU
	EndGlobalSection
	GlobalSection(SolutionProperties) = preSolution
		HideSolutionNode = FALSE
	EndGlobalSection
	GlobalSection(ExtensibilityGlobals) = postSolution
		SolutionGuid = {36540E94-3FDD-4F01-9F51-4F24E3539811}
	EndGlobalSection
EndGlobal
